# THIS IS AN AUTOGENERATED FILE. DO NOT EDIT THIS FILE DIRECTLY.
# yarn lockfile v1


webpack-config-single-spa@^1.0.7:
  version "1.0.7"
  resolved "https://registry.yarnpkg.com/webpack-config-single-spa/-/webpack-config-single-spa-1.0.7.tgz#0e5011aed969d2f888fea6167746052843f7a02d"
  integrity sha512-DXPhgO/DQ+GUSQ0qt6weIJoz855D1Iba7OcdDzMspibAl9sv9VyE2r/hdEpabNPxhSsdHgNTqxdJ5YDMAdVPqA==
