# THIS IS AN AUTOGENERATED FILE. DO NOT EDIT THIS FILE DIRECTLY.
# yarn lockfile v1


cookie@^0.4.1:
  version "0.4.1"
  resolved "https://registry.yarnpkg.com/cookie/-/cookie-0.4.1.tgz#afd713fe26ebd21ba95ceb61f9a8116e50a537d1"
  integrity sha512-ZwrFkGJxUR3EIoXtO+yVE69Eb7KlixbaeAWfBQB9vVsNn/o+Yw69gBWSSDK825hQNdN+wF8zELf3dFNl/kxkUA==

import-map-overrides@^2.0.0:
  version "2.0.0"
  resolved "https://registry.yarnpkg.com/import-map-overrides/-/import-map-overrides-2.0.0.tgz#0510a34fc1aae3c27b3f61d4a6d2b19c6330e2f7"
  integrity sha512-Cv3sWdTAfHguNrK2MxPiVfiGcCiRdOx2ImjbxQNiPMK8SFrSXjqyhVVE437lwQIWAR8mFNlozkKczSkjwTRzSA==
  dependencies:
    cookie "^0.4.1"

lodash@^4.17.20:
  version "4.17.20"
  resolved "https://registry.yarnpkg.com/lodash/-/lodash-4.17.20.tgz#b44a9b6297bcb698f1c51a3545a2b3b368d59c52"
  integrity sha512-PlhdFcillOINfeV7Ni6oF1TAEayyZBoZ8bcshTHqOYJYlrqzRK5hagpagky5o4HfCzzd1TRkXPMFq6cKk9rGmA==

node-fetch@^2.6.1:
  version "2.6.1"
  resolved "https://registry.yarnpkg.com/node-fetch/-/node-fetch-2.6.1.tgz#045bd323631f76ed2e2b55573394416b639a0052"
  integrity sha512-V4aYg89jEoVRxRb2fJdAg8FHvI7cEyYdVAh94HH0UIK8oJxUfkjlDQN9RbMx+bEjP7+ggMiFRprSti032Oipxw==
