# THIS IS AN AUTOGENERATED FILE. DO NOT EDIT THIS FILE DIRECTLY.
# yarn lockfile v1


"@types/parse5@^5.0.3":
  version "5.0.3"
  resolved "https://registry.yarnpkg.com/@types/parse5/-/parse5-5.0.3.tgz#e7b5aebbac150f8b5fdd4a46e7f0bd8e65e19109"
  integrity sha512-kUNnecmtkunAoQ3CnjmMkzNU/gtxG8guhi+Fk2U/kOpIKjIMKnXGp4IJCgQJrXSgMsWYimYG4TGjz/UzbGEBTw==

cookie@^0.4.1:
  version "0.4.1"
  resolved "https://registry.yarnpkg.com/cookie/-/cookie-0.4.1.tgz#afd713fe26ebd21ba95ceb61f9a8116e50a537d1"
  integrity sha512-ZwrFkGJxUR3EIoXtO+yVE69Eb7KlixbaeAWfBQB9vVsNn/o+Yw69gBWSSDK825hQNdN+wF8zELf3dFNl/kxkUA==

import-map-overrides@^2.0.0:
  version "2.0.0"
  resolved "https://registry.yarnpkg.com/import-map-overrides/-/import-map-overrides-2.0.0.tgz#0510a34fc1aae3c27b3f61d4a6d2b19c6330e2f7"
  integrity sha512-Cv3sWdTAfHguNrK2MxPiVfiGcCiRdOx2ImjbxQNiPMK8SFrSXjqyhVVE437lwQIWAR8mFNlozkKczSkjwTRzSA==
  dependencies:
    cookie "^0.4.1"

lodash@^4.17.20:
  version "4.17.20"
  resolved "https://registry.yarnpkg.com/lodash/-/lodash-4.17.20.tgz#b44a9b6297bcb698f1c51a3545a2b3b368d59c52"
  integrity sha512-PlhdFcillOINfeV7Ni6oF1TAEayyZBoZ8bcshTHqOYJYlrqzRK5hagpagky5o4HfCzzd1TRkXPMFq6cKk9rGmA==

merge2@^1.4.1:
  version "1.4.1"
  resolved "https://registry.yarnpkg.com/merge2/-/merge2-1.4.1.tgz#4368892f885e907455a6fd7dc55c0c9d404990ae"
  integrity sha512-8q7VEgMJW4J8tcfVPy8g09NcQwZdbwFEqhe/WZkoIzjn/3TGDwtOCYtXGxA3O8tPzpczCCDgv+P2P5y00ZJOOg==

node-fetch@^2.6.1:
  version "2.6.1"
  resolved "https://registry.yarnpkg.com/node-fetch/-/node-fetch-2.6.1.tgz#045bd323631f76ed2e2b55573394416b639a0052"
  integrity sha512-V4aYg89jEoVRxRb2fJdAg8FHvI7cEyYdVAh94HH0UIK8oJxUfkjlDQN9RbMx+bEjP7+ggMiFRprSti032Oipxw==

parse5@^6.0.0:
  version "6.0.1"
  resolved "https://registry.yarnpkg.com/parse5/-/parse5-6.0.1.tgz#e1a1c085c569b3dc08321184f19a39cc27f7c30b"
  integrity sha512-Ofn/CTFzRGTTxwpNEs9PP93gXShHcTq255nzRYSKe8AkVpZY7e1fpmTfOyoIvjP5HG7Z2ZM7VS9PPhQGW2pOpw==

single-spa-layout@^1.0.0-beta.10:
  version "1.0.0-beta.10"
  resolved "https://registry.yarnpkg.com/single-spa-layout/-/single-spa-layout-1.0.0-beta.10.tgz#d9a12050d68ea853521174fcb4968ffd5d264a7e"
  integrity sha512-namkLl8eea7NRRHWVrF8n0opJKY1f6oeg37UhP8c/qhUjhD+f0FmjKsaxm0tPDYdUdwjjpMGgbqYmay4G+/HoA==
  dependencies:
    "@types/parse5" "^5.0.3"
    merge2 "^1.4.1"
    parse5 "^6.0.0"
